
Microsoft Visual Studio Solution File, Format Version 12.00
# Visual Studio Version 17
VisualStudioVersion = 17.13.35825.156
MinimumVisualStudioVersion = 10.0.40219.1
Project("{FAE04EC0-301F-11D3-BF4B-00C04F79EFBC}") = "AMicroservice", "MarchMicroserviceEducation\AMicroservice.csproj", "{D7B293FE-3062-44A8-828B-66B74926E07A}"
EndProject
Project("{FAE04EC0-301F-11D3-BF4B-00C04F79EFBC}") = "BMicroservice", "TwoMicroservice\BMicroservice.csproj", "{7BBF449B-EC93-4A55-A070-A12E736C1110}"
EndProject
Project("{FAE04EC0-301F-11D3-BF4B-00C04F79EFBC}") = "BusShared", "BusShared\BusShared.csproj", "{B8549086-7474-447D-8EFE-C6A3563DEF72}"
EndProject
Project("{FAE04EC0-301F-11D3-BF4B-00C04F79EFBC}") = "CMicroservice", "CMicroservice\CMicroservice.csproj", "{60213D32-E547-4F18-99F5-1CDCA260BF7E}"
EndProject
Project("{FAE04EC0-301F-11D3-BF4B-00C04F79EFBC}") = "DockerExample.API", "DockerExample.API\DockerExample.API.csproj", "{77B42639-64AF-4FB6-A003-E00EEC5CEEC3}"
EndProject
Project("{FAE04EC0-301F-11D3-BF4B-00C04F79EFBC}") = "KafkaAMicroservice", "KafkaAMicroservice\KafkaAMicroservice.csproj", "{72D48CA6-9FB2-4BB2-8C41-6CBC5965EE4A}"
EndProject
Project("{2150E333-8FDC-42A3-9474-1A3956D46DE8}") = "KafkaExample", "KafkaExample", "{02EA681E-C7D8-13C7-8484-4AC65E1B71E8}"
EndProject
Project("{FAE04EC0-301F-11D3-BF4B-00C04F79EFBC}") = "KafkaBMicroservice", "KafkaBMicroservice\KafkaBMicroservice.csproj", "{B16363FF-D351-4CE1-9367-9F442A53A991}"
EndProject
Project("{E53339B2-1760-4266-BCC7-CA923CBCF16C}") = "docker-compose", "docker-compose.dcproj", "{81DDED9D-158B-E303-5F62-77A2896D2A5A}"
EndProject
Project("{FAE04EC0-301F-11D3-BF4B-00C04F79EFBC}") = "DockerExample2.API", "DockerExample2.API\DockerExample2.API.csproj", "{41B149BF-9A1F-4A21-9F16-8CD9C305FDD3}"
EndProject
Project("{FAE04EC0-301F-11D3-BF4B-00C04F79EFBC}") = "MicroserviecWithSSL", "MicroserviecWithSSL\MicroserviecWithSSL.csproj", "{D96B65AB-D619-682C-3C4F-5922FDE3CF7B}"
EndProject
Global
	GlobalSection(SolutionConfigurationPlatforms) = preSolution
		Debug|Any CPU = Debug|Any CPU
		Release|Any CPU = Release|Any CPU
	EndGlobalSection
	GlobalSection(ProjectConfigurationPlatforms) = postSolution
		{D7B293FE-3062-44A8-828B-66B74926E07A}.Debug|Any CPU.ActiveCfg = Debug|Any CPU
		{D7B293FE-3062-44A8-828B-66B74926E07A}.Debug|Any CPU.Build.0 = Debug|Any CPU
		{D7B293FE-3062-44A8-828B-66B74926E07A}.Release|Any CPU.ActiveCfg = Release|Any CPU
		{D7B293FE-3062-44A8-828B-66B74926E07A}.Release|Any CPU.Build.0 = Release|Any CPU
		{7BBF449B-EC93-4A55-A070-A12E736C1110}.Debug|Any CPU.ActiveCfg = Debug|Any CPU
		{7BBF449B-EC93-4A55-A070-A12E736C1110}.Debug|Any CPU.Build.0 = Debug|Any CPU
		{7BBF449B-EC93-4A55-A070-A12E736C1110}.Release|Any CPU.ActiveCfg = Release|Any CPU
		{7BBF449B-EC93-4A55-A070-A12E736C1110}.Release|Any CPU.Build.0 = Release|Any CPU
		{B8549086-7474-447D-8EFE-C6A3563DEF72}.Debug|Any CPU.ActiveCfg = Debug|Any CPU
		{B8549086-7474-447D-8EFE-C6A3563DEF72}.Debug|Any CPU.Build.0 = Debug|Any CPU
		{B8549086-7474-447D-8EFE-C6A3563DEF72}.Release|Any CPU.ActiveCfg = Release|Any CPU
		{B8549086-7474-447D-8EFE-C6A3563DEF72}.Release|Any CPU.Build.0 = Release|Any CPU
		{60213D32-E547-4F18-99F5-1CDCA260BF7E}.Debug|Any CPU.ActiveCfg = Debug|Any CPU
		{60213D32-E547-4F18-99F5-1CDCA260BF7E}.Debug|Any CPU.Build.0 = Debug|Any CPU
		{60213D32-E547-4F18-99F5-1CDCA260BF7E}.Release|Any CPU.ActiveCfg = Release|Any CPU
		{60213D32-E547-4F18-99F5-1CDCA260BF7E}.Release|Any CPU.Build.0 = Release|Any CPU
		{77B42639-64AF-4FB6-A003-E00EEC5CEEC3}.Debug|Any CPU.ActiveCfg = Debug|Any CPU
		{77B42639-64AF-4FB6-A003-E00EEC5CEEC3}.Debug|Any CPU.Build.0 = Debug|Any CPU
		{77B42639-64AF-4FB6-A003-E00EEC5CEEC3}.Release|Any CPU.ActiveCfg = Release|Any CPU
		{77B42639-64AF-4FB6-A003-E00EEC5CEEC3}.Release|Any CPU.Build.0 = Release|Any CPU
		{72D48CA6-9FB2-4BB2-8C41-6CBC5965EE4A}.Debug|Any CPU.ActiveCfg = Debug|Any CPU
		{72D48CA6-9FB2-4BB2-8C41-6CBC5965EE4A}.Debug|Any CPU.Build.0 = Debug|Any CPU
		{72D48CA6-9FB2-4BB2-8C41-6CBC5965EE4A}.Release|Any CPU.ActiveCfg = Release|Any CPU
		{72D48CA6-9FB2-4BB2-8C41-6CBC5965EE4A}.Release|Any CPU.Build.0 = Release|Any CPU
		{B16363FF-D351-4CE1-9367-9F442A53A991}.Debug|Any CPU.ActiveCfg = Debug|Any CPU
		{B16363FF-D351-4CE1-9367-9F442A53A991}.Debug|Any CPU.Build.0 = Debug|Any CPU
		{B16363FF-D351-4CE1-9367-9F442A53A991}.Release|Any CPU.ActiveCfg = Release|Any CPU
		{B16363FF-D351-4CE1-9367-9F442A53A991}.Release|Any CPU.Build.0 = Release|Any CPU
		{81DDED9D-158B-E303-5F62-77A2896D2A5A}.Debug|Any CPU.ActiveCfg = Debug|Any CPU
		{81DDED9D-158B-E303-5F62-77A2896D2A5A}.Debug|Any CPU.Build.0 = Debug|Any CPU
		{81DDED9D-158B-E303-5F62-77A2896D2A5A}.Release|Any CPU.ActiveCfg = Release|Any CPU
		{81DDED9D-158B-E303-5F62-77A2896D2A5A}.Release|Any CPU.Build.0 = Release|Any CPU
		{41B149BF-9A1F-4A21-9F16-8CD9C305FDD3}.Debug|Any CPU.ActiveCfg = Debug|Any CPU
		{41B149BF-9A1F-4A21-9F16-8CD9C305FDD3}.Debug|Any CPU.Build.0 = Debug|Any CPU
		{41B149BF-9A1F-4A21-9F16-8CD9C305FDD3}.Release|Any CPU.ActiveCfg = Release|Any CPU
		{41B149BF-9A1F-4A21-9F16-8CD9C305FDD3}.Release|Any CPU.Build.0 = Release|Any CPU
		{D96B65AB-D619-682C-3C4F-5922FDE3CF7B}.Debug|Any CPU.ActiveCfg = Debug|Any CPU
		{D96B65AB-D619-682C-3C4F-5922FDE3CF7B}.Debug|Any CPU.Build.0 = Debug|Any CPU
		{D96B65AB-D619-682C-3C4F-5922FDE3CF7B}.Release|Any CPU.ActiveCfg = Release|Any CPU
		{D96B65AB-D619-682C-3C4F-5922FDE3CF7B}.Release|Any CPU.Build.0 = Release|Any CPU
	EndGlobalSection
	GlobalSection(SolutionProperties) = preSolution
		HideSolutionNode = FALSE
	EndGlobalSection
	GlobalSection(NestedProjects) = preSolution
		{72D48CA6-9FB2-4BB2-8C41-6CBC5965EE4A} = {02EA681E-C7D8-13C7-8484-4AC65E1B71E8}
		{B16363FF-D351-4CE1-9367-9F442A53A991} = {02EA681E-C7D8-13C7-8484-4AC65E1B71E8}
	EndGlobalSection
	GlobalSection(ExtensibilityGlobals) = postSolution
		SolutionGuid = {154CE14D-F8F8-432B-AEA8-5E8AE2DDDAC6}
	EndGlobalSection
EndGlobal
